// !$*UTF8*$!
{
	archiveVersion = 1;
	classes = {
	};
	objectVersion = 51;
	objects = {

/* Begin PBXBuildFile section */
		224842B6299A7FD7008EC82D /* RedwoodViewController.swift in Sources */ = {isa = PBXBuildFile; fileRef = 224842B5299A7FD7008EC82D /* RedwoodViewController.swift */; };
		225D67DA2971B5F000A27CD1 /* IosWidgetFactory.swift in Sources */ = {isa = PBXBuildFile; fileRef = 225D67D92971B5F000A27CD1 /* IosWidgetFactory.swift */; };
		225D67DC2971B63000A27CD1 /* IosWidgetButton.swift in Sources */ = {isa = PBXBuildFile; fileRef = 225D67DB2971B63000A27CD1 /* IosWidgetButton.swift */; };
		225D67DE2971B65D00A27CD1 /* IosWidgetText.swift in Sources */ = {isa = PBXBuildFile; fileRef = 225D67DD2971B65D00A27CD1 /* IosWidgetText.swift */; };
		225D67E02971B69200A27CD1 /* IosWidgetImage.swift in Sources */ = {isa = PBXBuildFile; fileRef = 225D67DF2971B69200A27CD1 /* IosWidgetImage.swift */; };
		225D67E22971B6B400A27CD1 /* IosWidgetTextInput.swift in Sources */ = {isa = PBXBuildFile; fileRef = 225D67E12971B6B400A27CD1 /* IosWidgetTextInput.swift */; };
		225D67E42971B6E500A27CD1 /* IosWidgetCard.swift in Sources */ = {isa = PBXBuildFile; fileRef = 225D67E32971B6E500A27CD1 /* IosWidgetCard.swift */; };
		225D67E62971B71100A27CD1 /* IosImageButton.swift in Sources */ = {isa = PBXBuildFile; fileRef = 225D67E52971B71100A27CD1 /* IosImageButton.swift */; };
		225D67E82971B74100A27CD1 /* IosStack.swift in Sources */ = {isa = PBXBuildFile; fileRef = 225D67E72971B74100A27CD1 /* IosStack.swift */; };
		227ECA252957564C00A4CBC8 /* AppDelegate.swift in Sources */ = {isa = PBXBuildFile; fileRef = 227ECA242957564C00A4CBC8 /* AppDelegate.swift */; };
		227ECA272957564C00A4CBC8 /* SceneDelegate.swift in Sources */ = {isa = PBXBuildFile; fileRef = 227ECA262957564C00A4CBC8 /* SceneDelegate.swift */; };
		227ECA2E2957564D00A4CBC8 /* Assets.xcassets in Resources */ = {isa = PBXBuildFile; fileRef = 227ECA2D2957564D00A4CBC8 /* Assets.xcassets */; };
		227ECA312957564D00A4CBC8 /* LaunchScreen.storyboard in Resources */ = {isa = PBXBuildFile; fileRef = 227ECA2F2957564D00A4CBC8 /* LaunchScreen.storyboard */; };
		443EFE5C2990D061001C3B2A /* IosWidgetBanners.swift in Sources */ = {isa = PBXBuildFile; fileRef = 443EFE5B2990D061001C3B2A /* IosWidgetBanners.swift */; };
		443EFE632990D88C001C3B2A /* Colors.swift in Sources */ = {isa = PBXBuildFile; fileRef = 443EFE622990D88C001C3B2A /* Colors.swift */; };
		443F5E51298B9E100079910A /* NavBarFactory.swift in Sources */ = {isa = PBXBuildFile; fileRef = 443F5E50298B9E100079910A /* NavBarFactory.swift */; };
		44556F37299B5652009D161B /* IosDivider.swift in Sources */ = {isa = PBXBuildFile; fileRef = 44556F36299B5652009D161B /* IosDivider.swift */; };
		44556F39299B5711009D161B /* IosWidgetSwitch.swift in Sources */ = {isa = PBXBuildFile; fileRef = 44556F38299B5711009D161B /* IosWidgetSwitch.swift */; };
		449B364B2983D6960008710D /* IosWidgetSpace.swift in Sources */ = {isa = PBXBuildFile; fileRef = 449B364A2983D6960008710D /* IosWidgetSpace.swift */; };
		44E470FF299692D700C9B488 /* IosWidgetCounter.swift in Sources */ = {isa = PBXBuildFile; fileRef = 44E470FE299692D700C9B488 /* IosWidgetCounter.swift */; };
		44E47101299692E700C9B488 /* IosWidgetController.swift in Sources */ = {isa = PBXBuildFile; fileRef = 44E47100299692E700C9B488 /* IosWidgetController.swift */; };
		44F037942993586200AC965C /* IosShortButton.swift in Sources */ = {isa = PBXBuildFile; fileRef = 44F037932993586200AC965C /* IosShortButton.swift */; };
		44F03796299358F600AC965C /* IosRowWithWeight.swift in Sources */ = {isa = PBXBuildFile; fileRef = 44F03795299358F600AC965C /* IosRowWithWeight.swift */; };
		44F0379829937CBC00AC965C /* IosWidgetProductCard.swift in Sources */ = {isa = PBXBuildFile; fileRef = 44F0379729937CBC00AC965C /* IosWidgetProductCard.swift */; };
		44F0379B29937E0700AC965C /* ProductCardController.swift in Sources */ = {isa = PBXBuildFile; fileRef = 44F0379A29937E0700AC965C /* ProductCardController.swift */; };
		617E7C3EEB7B6042DA8DC122 /* Pods_iosApp.framework in Frameworks */ = {isa = PBXBuildFile; fileRef = C7F363DBFAC730C3510B9993 /* Pods_iosApp.framework */; };
/* End PBXBuildFile section */

/* Begin PBXFileReference section */
		224842B5299A7FD7008EC82D /* RedwoodViewController.swift */ = {isa = PBXFileReference; lastKnownFileType = sourcecode.swift; path = RedwoodViewController.swift; sourceTree = "<group>"; };
		225D67D92971B5F000A27CD1 /* IosWidgetFactory.swift */ = {isa = PBXFileReference; lastKnownFileType = sourcecode.swift; path = IosWidgetFactory.swift; sourceTree = "<group>"; };
		225D67DB2971B63000A27CD1 /* IosWidgetButton.swift */ = {isa = PBXFileReference; lastKnownFileType = sourcecode.swift; path = IosWidgetButton.swift; sourceTree = "<group>"; };
		225D67DD2971B65D00A27CD1 /* IosWidgetText.swift */ = {isa = PBXFileReference; lastKnownFileType = sourcecode.swift; path = IosWidgetText.swift; sourceTree = "<group>"; };
		225D67DF2971B69200A27CD1 /* IosWidgetImage.swift */ = {isa = PBXFileReference; lastKnownFileType = sourcecode.swift; path = IosWidgetImage.swift; sourceTree = "<group>"; };
		225D67E12971B6B400A27CD1 /* IosWidgetTextInput.swift */ = {isa = PBXFileReference; lastKnownFileType = sourcecode.swift; path = IosWidgetTextInput.swift; sourceTree = "<group>"; };
		225D67E32971B6E500A27CD1 /* IosWidgetCard.swift */ = {isa = PBXFileReference; lastKnownFileType = sourcecode.swift; path = IosWidgetCard.swift; sourceTree = "<group>"; };
		225D67E52971B71100A27CD1 /* IosImageButton.swift */ = {isa = PBXFileReference; lastKnownFileType = sourcecode.swift; path = IosImageButton.swift; sourceTree = "<group>"; };
		225D67E72971B74100A27CD1 /* IosStack.swift */ = {isa = PBXFileReference; lastKnownFileType = sourcecode.swift; path = IosStack.swift; sourceTree = "<group>"; };
		227ECA222957564C00A4CBC8 /* iosApp.app */ = {isa = PBXFileReference; explicitFileType = wrapper.application; includeInIndex = 0; path = iosApp.app; sourceTree = BUILT_PRODUCTS_DIR; };
		227ECA242957564C00A4CBC8 /* AppDelegate.swift */ = {isa = PBXFileReference; lastKnownFileType = sourcecode.swift; path = AppDelegate.swift; sourceTree = "<group>"; };
		227ECA262957564C00A4CBC8 /* SceneDelegate.swift */ = {isa = PBXFileReference; lastKnownFileType = sourcecode.swift; path = SceneDelegate.swift; sourceTree = "<group>"; };
		227ECA2D2957564D00A4CBC8 /* Assets.xcassets */ = {isa = PBXFileReference; lastKnownFileType = folder.assetcatalog; path = Assets.xcassets; sourceTree = "<group>"; };
		227ECA302957564D00A4CBC8 /* Base */ = {isa = PBXFileReference; lastKnownFileType = file.storyboard; name = Base; path = Base.lproj/LaunchScreen.storyboard; sourceTree = "<group>"; };
		227ECA322957564D00A4CBC8 /* Info.plist */ = {isa = PBXFileReference; lastKnownFileType = text.plist.xml; path = Info.plist; sourceTree = "<group>"; };
		443EFE5B2990D061001C3B2A /* IosWidgetBanners.swift */ = {isa = PBXFileReference; lastKnownFileType = sourcecode.swift; path = IosWidgetBanners.swift; sourceTree = "<group>"; };
		443EFE622990D88C001C3B2A /* Colors.swift */ = {isa = PBXFileReference; lastKnownFileType = sourcecode.swift; path = Colors.swift; sourceTree = "<group>"; };
		443F5E50298B9E100079910A /* NavBarFactory.swift */ = {isa = PBXFileReference; lastKnownFileType = sourcecode.swift; path = NavBarFactory.swift; sourceTree = "<group>"; };
		44556F36299B5652009D161B /* IosDivider.swift */ = {isa = PBXFileReference; lastKnownFileType = sourcecode.swift; path = IosDivider.swift; sourceTree = "<group>"; };
		44556F38299B5711009D161B /* IosWidgetSwitch.swift */ = {isa = PBXFileReference; lastKnownFileType = sourcecode.swift; path = IosWidgetSwitch.swift; sourceTree = "<group>"; };
		449B364A2983D6960008710D /* IosWidgetSpace.swift */ = {isa = PBXFileReference; lastKnownFileType = sourcecode.swift; path = IosWidgetSpace.swift; sourceTree = "<group>"; };
		44E470FE299692D700C9B488 /* IosWidgetCounter.swift */ = {isa = PBXFileReference; lastKnownFileType = sourcecode.swift; path = IosWidgetCounter.swift; sourceTree = "<group>"; };
		44E47100299692E700C9B488 /* IosWidgetController.swift */ = {isa = PBXFileReference; lastKnownFileType = sourcecode.swift; path = IosWidgetController.swift; sourceTree = "<group>"; };
		44F037932993586200AC965C /* IosShortButton.swift */ = {isa = PBXFileReference; lastKnownFileType = sourcecode.swift; path = IosShortButton.swift; sourceTree = "<group>"; };
		44F03795299358F600AC965C /* IosRowWithWeight.swift */ = {isa = PBXFileReference; lastKnownFileType = sourcecode.swift; path = IosRowWithWeight.swift; sourceTree = "<group>"; };
		44F0379729937CBC00AC965C /* IosWidgetProductCard.swift */ = {isa = PBXFileReference; lastKnownFileType = sourcecode.swift; path = IosWidgetProductCard.swift; sourceTree = "<group>"; };
		44F0379A29937E0700AC965C /* ProductCardController.swift */ = {isa = PBXFileReference; lastKnownFileType = sourcecode.swift; path = ProductCardController.swift; sourceTree = "<group>"; };
		C7F363DBFAC730C3510B9993 /* Pods_iosApp.framework */ = {isa = PBXFileReference; explicitFileType = wrapper.framework; includeInIndex = 0; path = Pods_iosApp.framework; sourceTree = BUILT_PRODUCTS_DIR; };
		D1D27B09DFB8AAD8A46FED88 /* Pods-iosApp.debug.xcconfig */ = {isa = PBXFileReference; includeInIndex = 1; lastKnownFileType = text.xcconfig; name = "Pods-iosApp.debug.xcconfig"; path = "Target Support Files/Pods-iosApp/Pods-iosApp.debug.xcconfig"; sourceTree = "<group>"; };
		E3291FEB2BF60736ED0C2E34 /* Pods-iosApp.release.xcconfig */ = {isa = PBXFileReference; includeInIndex = 1; lastKnownFileType = text.xcconfig; name = "Pods-iosApp.release.xcconfig"; path = "Target Support Files/Pods-iosApp/Pods-iosApp.release.xcconfig"; sourceTree = "<group>"; };
/* End PBXFileReference section */

/* Begin PBXFrameworksBuildPhase section */
		227ECA1F2957564C00A4CBC8 /* Frameworks */ = {
			isa = PBXFrameworksBuildPhase;
			buildActionMask = 2147483647;
			files = (
				617E7C3EEB7B6042DA8DC122 /* Pods_iosApp.framework in Frameworks */,
			);
			runOnlyForDeploymentPostprocessing = 0;
		};
/* End PBXFrameworksBuildPhase section */

/* Begin PBXGroup section */
		224842B4299A7FC8008EC82D /* Navigation */ = {
			isa = PBXGroup;
			children = (
				224842B5299A7FD7008EC82D /* RedwoodViewController.swift */,
			);
			path = Navigation;
			sourceTree = "<group>";
		};
		225D67D82971B5DC00A27CD1 /* Widgets */ = {
			isa = PBXGroup;
			children = (
				44E470FD299656E800C9B488 /* Banners */,
				44E470FC299656D500C9B488 /* CounterButton */,
				44F0379929937DD100AC965C /* ProductCard */,
				225D67D92971B5F000A27CD1 /* IosWidgetFactory.swift */,
				225D67DB2971B63000A27CD1 /* IosWidgetButton.swift */,
				44556F36299B5652009D161B /* IosDivider.swift */,
				44556F38299B5711009D161B /* IosWidgetSwitch.swift */,
				225D67DD2971B65D00A27CD1 /* IosWidgetText.swift */,
				225D67DF2971B69200A27CD1 /* IosWidgetImage.swift */,
				225D67E12971B6B400A27CD1 /* IosWidgetTextInput.swift */,
				225D67E32971B6E500A27CD1 /* IosWidgetCard.swift */,
				225D67E52971B71100A27CD1 /* IosImageButton.swift */,
				225D67E72971B74100A27CD1 /* IosStack.swift */,
				449B364A2983D6960008710D /* IosWidgetSpace.swift */,
				44F037932993586200AC965C /* IosShortButton.swift */,
				44F03795299358F600AC965C /* IosRowWithWeight.swift */,
			);
			path = Widgets;
			sourceTree = "<group>";
		};
		227ECA232957564C00A4CBC8 /* iosApp */ = {
			isa = PBXGroup;
			children = (
				224842B4299A7FC8008EC82D /* Navigation */,
				443EFE612990D87E001C3B2A /* Theme */,
				443F5E4F298B9DEB0079910A /* NavBar */,
				225D67D82971B5DC00A27CD1 /* Widgets */,
				227ECA242957564C00A4CBC8 /* AppDelegate.swift */,
				227ECA262957564C00A4CBC8 /* SceneDelegate.swift */,
				227ECA2D2957564D00A4CBC8 /* Assets.xcassets */,
				227ECA2F2957564D00A4CBC8 /* LaunchScreen.storyboard */,
				227ECA322957564D00A4CBC8 /* Info.plist */,
			);
			path = iosApp;
			sourceTree = "<group>";
		};
		3C21008B3D36E73BD2F7A4B2 /* Frameworks */ = {
			isa = PBXGroup;
			children = (
				C7F363DBFAC730C3510B9993 /* Pods_iosApp.framework */,
			);
			name = Frameworks;
			sourceTree = "<group>";
		};
		443EFE612990D87E001C3B2A /* Theme */ = {
			isa = PBXGroup;
			children = (
				443EFE622990D88C001C3B2A /* Colors.swift */,
			);
			path = Theme;
			sourceTree = "<group>";
		};
		443F5E4F298B9DEB0079910A /* NavBar */ = {
			isa = PBXGroup;
			children = (
				443F5E50298B9E100079910A /* NavBarFactory.swift */,
			);
			path = NavBar;
			sourceTree = "<group>";
		};
		44E470FC299656D500C9B488 /* CounterButton */ = {
			isa = PBXGroup;
			children = (
				44E470FE299692D700C9B488 /* IosWidgetCounter.swift */,
				44E47100299692E700C9B488 /* IosWidgetController.swift */,
			);
			path = CounterButton;
			sourceTree = "<group>";
		};
		44E470FD299656E800C9B488 /* Banners */ = {
			isa = PBXGroup;
			children = (
				443EFE5B2990D061001C3B2A /* IosWidgetBanners.swift */,
			);
			path = Banners;
			sourceTree = "<group>";
		};
		44F0379929937DD100AC965C /* ProductCard */ = {
			isa = PBXGroup;
			children = (
				44F0379729937CBC00AC965C /* IosWidgetProductCard.swift */,
				44F0379A29937E0700AC965C /* ProductCardController.swift */,
			);
			path = ProductCard;
			sourceTree = "<group>";
		};
		7555FF72242A565900829871 = {
			isa = PBXGroup;
			children = (
				227ECA232957564C00A4CBC8 /* iosApp */,
				7555FF7C242A565900829871 /* Products */,
				BF56A6FBFB5F6891C39BB1EB /* Pods */,
				3C21008B3D36E73BD2F7A4B2 /* Frameworks */,
			);
			sourceTree = "<group>";
		};
		7555FF7C242A565900829871 /* Products */ = {
			isa = PBXGroup;
			children = (
				227ECA222957564C00A4CBC8 /* iosApp.app */,
			);
			name = Products;
			sourceTree = "<group>";
		};
		BF56A6FBFB5F6891C39BB1EB /* Pods */ = {
			isa = PBXGroup;
			children = (
				D1D27B09DFB8AAD8A46FED88 /* Pods-iosApp.debug.xcconfig */,
				E3291FEB2BF60736ED0C2E34 /* Pods-iosApp.release.xcconfig */,
			);
			path = Pods;
			sourceTree = "<group>";
		};
/* End PBXGroup section */

/* Begin PBXNativeTarget section */
		227ECA212957564C00A4CBC8 /* iosApp */ = {
			isa = PBXNativeTarget;
			buildConfigurationList = 227ECA332957564D00A4CBC8 /* Build configuration list for PBXNativeTarget "iosApp" */;
			buildPhases = (
				2971D91016EFB5BC6C39CA0D /* [CP] Check Pods Manifest.lock */,
				227ECA1E2957564C00A4CBC8 /* Sources */,
				227ECA1F2957564C00A4CBC8 /* Frameworks */,
				227ECA202957564C00A4CBC8 /* Resources */,
				5901CC8F25A8A56A1E5F1D81 /* [CP] Embed Pods Frameworks */,
			);
			buildRules = (
			);
			dependencies = (
			);
			name = iosApp;
			productName = iosApp;
			productReference = 227ECA222957564C00A4CBC8 /* iosApp.app */;
			productType = "com.apple.product-type.application";
		};
/* End PBXNativeTarget section */

/* Begin PBXProject section */
		7555FF73242A565900829871 /* Project object */ = {
			isa = PBXProject;
			attributes = {
				LastSwiftUpdateCheck = 1410;
				LastUpgradeCheck = 1130;
				ORGANIZATIONNAME = "IceRock Development";
				TargetAttributes = {
					227ECA212957564C00A4CBC8 = {
						CreatedOnToolsVersion = 14.1;
					};
				};
			};
			buildConfigurationList = 7555FF76242A565900829871 /* Build configuration list for PBXProject "iosApp" */;
			compatibilityVersion = "Xcode 9.3";
			developmentRegion = en;
			hasScannedForEncodings = 0;
			knownRegions = (
				en,
				Base,
			);
			mainGroup = 7555FF72242A565900829871;
			productRefGroup = 7555FF7C242A565900829871 /* Products */;
			projectDirPath = "";
			projectRoot = "";
			targets = (
				227ECA212957564C00A4CBC8 /* iosApp */,
			);
		};
/* End PBXProject section */

/* Begin PBXResourcesBuildPhase section */
		227ECA202957564C00A4CBC8 /* Resources */ = {
			isa = PBXResourcesBuildPhase;
			buildActionMask = 2147483647;
			files = (
				227ECA312957564D00A4CBC8 /* LaunchScreen.storyboard in Resources */,
				227ECA2E2957564D00A4CBC8 /* Assets.xcassets in Resources */,
			);
			runOnlyForDeploymentPostprocessing = 0;
		};
/* End PBXResourcesBuildPhase section */

/* Begin PBXShellScriptBuildPhase section */
		2971D91016EFB5BC6C39CA0D /* [CP] Check Pods Manifest.lock */ = {
			isa = PBXShellScriptBuildPhase;
			buildActionMask = 2147483647;
			files = (
			);
			inputFileListPaths = (
			);
			inputPaths = (
				"${PODS_PODFILE_DIR_PATH}/Podfile.lock",
				"${PODS_ROOT}/Manifest.lock",
			);
			name = "[CP] Check Pods Manifest.lock";
			outputFileListPaths = (
			);
			outputPaths = (
				"$(DERIVED_FILE_DIR)/Pods-iosApp-checkManifestLockResult.txt",
			);
			runOnlyForDeploymentPostprocessing = 0;
			shellPath = /bin/sh;
			shellScript = "diff \"${PODS_PODFILE_DIR_PATH}/Podfile.lock\" \"${PODS_ROOT}/Manifest.lock\" > /dev/null\nif [ $? != 0 ] ; then\n    # print error to STDERR\n    echo \"error: The sandbox is not in sync with the Podfile.lock. Run 'pod install' or update your CocoaPods installation.\" >&2\n    exit 1\nfi\n# This output is used by Xcode 'outputs' to avoid re-running this script phase.\necho \"SUCCESS\" > \"${SCRIPT_OUTPUT_FILE_0}\"\n";
			showEnvVarsInLog = 0;
		};
		5901CC8F25A8A56A1E5F1D81 /* [CP] Embed Pods Frameworks */ = {
			isa = PBXShellScriptBuildPhase;
			buildActionMask = 2147483647;
			files = (
			);
			inputFileListPaths = (
				"${PODS_ROOT}/Target Support Files/Pods-iosApp/Pods-iosApp-frameworks-${CONFIGURATION}-input-files.xcfilelist",
			);
			name = "[CP] Embed Pods Frameworks";
			outputFileListPaths = (
				"${PODS_ROOT}/Target Support Files/Pods-iosApp/Pods-iosApp-frameworks-${CONFIGURATION}-output-files.xcfilelist",
			);
			runOnlyForDeploymentPostprocessing = 0;
			shellPath = /bin/sh;
			shellScript = "\"${PODS_ROOT}/Target Support Files/Pods-iosApp/Pods-iosApp-frameworks.sh\"\n";
			showEnvVarsInLog = 0;
		};
/* End PBXShellScriptBuildPhase section */

/* Begin PBXSourcesBuildPhase section */
		227ECA1E2957564C00A4CBC8 /* Sources */ = {
			isa = PBXSourcesBuildPhase;
			buildActionMask = 2147483647;
			files = (
				443EFE5C2990D061001C3B2A /* IosWidgetBanners.swift in Sources */,
				225D67DA2971B5F000A27CD1 /* IosWidgetFactory.swift in Sources */,
				225D67E02971B69200A27CD1 /* IosWidgetImage.swift in Sources */,
				44E47101299692E700C9B488 /* IosWidgetController.swift in Sources */,
				44F037942993586200AC965C /* IosShortButton.swift in Sources */,
				443EFE632990D88C001C3B2A /* Colors.swift in Sources */,
				44556F37299B5652009D161B /* IosDivider.swift in Sources */,
				44F0379829937CBC00AC965C /* IosWidgetProductCard.swift in Sources */,
				225D67DE2971B65D00A27CD1 /* IosWidgetText.swift in Sources */,
				225D67E42971B6E500A27CD1 /* IosWidgetCard.swift in Sources */,
				443F5E51298B9E100079910A /* NavBarFactory.swift in Sources */,
				44F03796299358F600AC965C /* IosRowWithWeight.swift in Sources */,
				225D67E82971B74100A27CD1 /* IosStack.swift in Sources */,
				449B364B2983D6960008710D /* IosWidgetSpace.swift in Sources */,
				225D67DC2971B63000A27CD1 /* IosWidgetButton.swift in Sources */,
				44E470FF299692D700C9B488 /* IosWidgetCounter.swift in Sources */,
				224842B6299A7FD7008EC82D /* RedwoodViewController.swift in Sources */,
				227ECA252957564C00A4CBC8 /* AppDelegate.swift in Sources */,
				227ECA272957564C00A4CBC8 /* SceneDelegate.swift in Sources */,
				225D67E22971B6B400A27CD1 /* IosWidgetTextInput.swift in Sources */,
				225D67E62971B71100A27CD1 /* IosImageButton.swift in Sources */,
				44F0379B29937E0700AC965C /* ProductCardController.swift in Sources */,
				44556F39299B5711009D161B /* IosWidgetSwitch.swift in Sources */,
			);
			runOnlyForDeploymentPostprocessing = 0;
		};
/* End PBXSourcesBuildPhase section */

/* Begin PBXVariantGroup section */
		227ECA2F2957564D00A4CBC8 /* LaunchScreen.storyboard */ = {
			isa = PBXVariantGroup;
			children = (
				227ECA302957564D00A4CBC8 /* Base */,
			);
			name = LaunchScreen.storyboard;
			sourceTree = "<group>";
		};
/* End PBXVariantGroup section */

/* Begin XCBuildConfiguration section */
		227ECA342957564D00A4CBC8 /* Debug */ = {
			isa = XCBuildConfiguration;
			baseConfigurationReference = D1D27B09DFB8AAD8A46FED88 /* Pods-iosApp.debug.xcconfig */;
			buildSettings = {
				ASSETCATALOG_COMPILER_APPICON_NAME = AppIcon;
				ASSETCATALOG_COMPILER_GLOBAL_ACCENT_COLOR_NAME = AccentColor;
				CLANG_CXX_LANGUAGE_STANDARD = "gnu++20";
				CODE_SIGN_STYLE = Automatic;
				CURRENT_PROJECT_VERSION = 1;
				DEBUG_INFORMATION_FORMAT = dwarf;
				DEVELOPMENT_TEAM = 668D83X95V;
				GENERATE_INFOPLIST_FILE = YES;
				INFOPLIST_FILE = iosApp/Info.plist;
				INFOPLIST_KEY_CFBundleDisplayName = Med365;
				INFOPLIST_KEY_UIApplicationSupportsIndirectInputEvents = YES;
				INFOPLIST_KEY_UILaunchStoryboardName = LaunchScreen;
				INFOPLIST_KEY_UISupportedInterfaceOrientations_iPad = "UIInterfaceOrientationPortrait UIInterfaceOrientationPortraitUpsideDown UIInterfaceOrientationLandscapeLeft UIInterfaceOrientationLandscapeRight";
				INFOPLIST_KEY_UISupportedInterfaceOrientations_iPhone = "UIInterfaceOrientationPortrait UIInterfaceOrientationLandscapeLeft UIInterfaceOrientationLandscapeRight";
				IPHONEOS_DEPLOYMENT_TARGET = 15.4;
				LD_RUNPATH_SEARCH_PATHS = (
					"$(inherited)",
					"@executable_path/Frameworks",
				);
				MARKETING_VERSION = 1.0;
				PRODUCT_BUNDLE_IDENTIFIER = dev.icerock.redwood.iosApp;
				PRODUCT_NAME = "$(TARGET_NAME)";
				SWIFT_EMIT_LOC_STRINGS = YES;
				SWIFT_VERSION = 5.0;
				TARGETED_DEVICE_FAMILY = "1,2";
			};
			name = Debug;
		};
		227ECA352957564D00A4CBC8 /* Release */ = {
			isa = XCBuildConfiguration;
			baseConfigurationReference = E3291FEB2BF60736ED0C2E34 /* Pods-iosApp.release.xcconfig */;
			buildSettings = {
				ASSETCATALOG_COMPILER_APPICON_NAME = AppIcon;
				ASSETCATALOG_COMPILER_GLOBAL_ACCENT_COLOR_NAME = AccentColor;
				CLANG_CXX_LANGUAGE_STANDARD = "gnu++20";
				CODE_SIGN_STYLE = Automatic;
				CURRENT_PROJECT_VERSION = 1;
				DEVELOPMENT_TEAM = 668D83X95V;
				GENERATE_INFOPLIST_FILE = YES;
				INFOPLIST_FILE = iosApp/Info.plist;
				INFOPLIST_KEY_CFBundleDisplayName = Med365;
				INFOPLIST_KEY_UIApplicationSupportsIndirectInputEvents = YES;
				INFOPLIST_KEY_UILaunchStoryboardName = LaunchScreen;
				INFOPLIST_KEY_UISupportedInterfaceOrientations_iPad = "UIInterfaceOrientationPortrait UIInterfaceOrientationPortraitUpsideDown UIInterfaceOrientationLandscapeLeft UIInterfaceOrientationLandscapeRight";
				INFOPLIST_KEY_UISupportedInterfaceOrientations_iPhone = "UIInterfaceOrientationPortrait UIInterfaceOrientationLandscapeLeft UIInterfaceOrientationLandscapeRight";
				IPHONEOS_DEPLOYMENT_TARGET = 15.4;
				LD_RUNPATH_SEARCH_PATHS = (
					"$(inherited)",
					"@executable_path/Frameworks",
				);
				MARKETING_VERSION = 1.0;
				PRODUCT_BUNDLE_IDENTIFIER = dev.icerock.redwood.iosApp;
				PRODUCT_NAME = "$(TARGET_NAME)";
				SWIFT_EMIT_LOC_STRINGS = YES;
				SWIFT_VERSION = 5.0;
				TARGETED_DEVICE_FAMILY = "1,2";
			};
			name = Release;
		};
		7555FFA3242A565B00829871 /* Debug */ = {
			isa = XCBuildConfiguration;
			buildSettings = {
				ALWAYS_SEARCH_USER_PATHS = NO;
				CLANG_ANALYZER_NONNULL = YES;
				CLANG_ANALYZER_NUMBER_OBJECT_CONVERSION = YES_AGGRESSIVE;
				CLANG_CXX_LANGUAGE_STANDARD = "gnu++14";
				CLANG_CXX_LIBRARY = "libc++";
				CLANG_ENABLE_MODULES = YES;
				CLANG_ENABLE_OBJC_ARC = YES;
				CLANG_ENABLE_OBJC_WEAK = YES;
				CLANG_WARN_BLOCK_CAPTURE_AUTORELEASING = YES;
				CLANG_WARN_BOOL_CONVERSION = YES;
				CLANG_WARN_COMMA = YES;
				CLANG_WARN_CONSTANT_CONVERSION = YES;
				CLANG_WARN_DEPRECATED_OBJC_IMPLEMENTATIONS = YES;
				CLANG_WARN_DIRECT_OBJC_ISA_USAGE = YES_ERROR;
				CLANG_WARN_DOCUMENTATION_COMMENTS = YES;
				CLANG_WARN_EMPTY_BODY = YES;
				CLANG_WARN_ENUM_CONVERSION = YES;
				CLANG_WARN_INFINITE_RECURSION = YES;
				CLANG_WARN_INT_CONVERSION = YES;
				CLANG_WARN_NON_LITERAL_NULL_CONVERSION = YES;
				CLANG_WARN_OBJC_IMPLICIT_RETAIN_SELF = YES;
				CLANG_WARN_OBJC_LITERAL_CONVERSION = YES;
				CLANG_WARN_OBJC_ROOT_CLASS = YES_ERROR;
				CLANG_WARN_QUOTED_INCLUDE_IN_FRAMEWORK_HEADER = YES;
				CLANG_WARN_RANGE_LOOP_ANALYSIS = YES;
				CLANG_WARN_STRICT_PROTOTYPES = YES;
				CLANG_WARN_SUSPICIOUS_MOVE = YES;
				CLANG_WARN_UNGUARDED_AVAILABILITY = YES_AGGRESSIVE;
				CLANG_WARN_UNREACHABLE_CODE = YES;
				CLANG_WARN__DUPLICATE_METHOD_MATCH = YES;
				COPY_PHASE_STRIP = NO;
				DEBUG_INFORMATION_FORMAT = "dwarf-with-dsym";
				ENABLE_STRICT_OBJC_MSGSEND = YES;
				ENABLE_TESTABILITY = YES;
				GCC_C_LANGUAGE_STANDARD = gnu11;
				GCC_DYNAMIC_NO_PIC = NO;
				GCC_NO_COMMON_BLOCKS = YES;
				GCC_OPTIMIZATION_LEVEL = 0;
				GCC_PREPROCESSOR_DEFINITIONS = (
					"DEBUG=1",
					"$(inherited)",
				);
				GCC_WARN_64_TO_32_BIT_CONVERSION = YES;
				GCC_WARN_ABOUT_RETURN_TYPE = YES_ERROR;
				GCC_WARN_UNDECLARED_SELECTOR = YES;
				GCC_WARN_UNINITIALIZED_AUTOS = YES_AGGRESSIVE;
				GCC_WARN_UNUSED_FUNCTION = YES;
				GCC_WARN_UNUSED_VARIABLE = YES;
				IPHONEOS_DEPLOYMENT_TARGET = 14.1;
				MTL_ENABLE_DEBUG_INFO = INCLUDE_SOURCE;
				MTL_FAST_MATH = YES;
				ONLY_ACTIVE_ARCH = YES;
				SDKROOT = iphoneos;
				SWIFT_ACTIVE_COMPILATION_CONDITIONS = DEBUG;
				SWIFT_OPTIMIZATION_LEVEL = "-Onone";
			};
			name = Debug;
		};
		7555FFA4242A565B00829871 /* Release */ = {
			isa = XCBuildConfiguration;
			buildSettings = {
				ALWAYS_SEARCH_USER_PATHS = NO;
				CLANG_ANALYZER_NONNULL = YES;
				CLANG_ANALYZER_NUMBER_OBJECT_CONVERSION = YES_AGGRESSIVE;
				CLANG_CXX_LANGUAGE_STANDARD = "gnu++14";
				CLANG_CXX_LIBRARY = "libc++";
				CLANG_ENABLE_MODULES = YES;
				CLANG_ENABLE_OBJC_ARC = YES;
				CLANG_ENABLE_OBJC_WEAK = YES;
				CLANG_WARN_BLOCK_CAPTURE_AUTORELEASING = YES;
				CLANG_WARN_BOOL_CONVERSION = YES;
				CLANG_WARN_COMMA = YES;
				CLANG_WARN_CONSTANT_CONVERSION = YES;
				CLANG_WARN_DEPRECATED_OBJC_IMPLEMENTATIONS = YES;
				CLANG_WARN_DIRECT_OBJC_ISA_USAGE = YES_ERROR;
				CLANG_WARN_DOCUMENTATION_COMMENTS = YES;
				CLANG_WARN_EMPTY_BODY = YES;
				CLANG_WARN_ENUM_CONVERSION = YES;
				CLANG_WARN_INFINITE_RECURSION = YES;
				CLANG_WARN_INT_CONVERSION = YES;
				CLANG_WARN_NON_LITERAL_NULL_CONVERSION = YES;
				CLANG_WARN_OBJC_IMPLICIT_RETAIN_SELF = YES;
				CLANG_WARN_OBJC_LITERAL_CONVERSION = YES;
				CLANG_WARN_OBJC_ROOT_CLASS = YES_ERROR;
				CLANG_WARN_QUOTED_INCLUDE_IN_FRAMEWORK_HEADER = YES;
				CLANG_WARN_RANGE_LOOP_ANALYSIS = YES;
				CLANG_WARN_STRICT_PROTOTYPES = YES;
				CLANG_WARN_SUSPICIOUS_MOVE = YES;
				CLANG_WARN_UNGUARDED_AVAILABILITY = YES_AGGRESSIVE;
				CLANG_WARN_UNREACHABLE_CODE = YES;
				CLANG_WARN__DUPLICATE_METHOD_MATCH = YES;
				COPY_PHASE_STRIP = NO;
				DEBUG_INFORMATION_FORMAT = "dwarf-with-dsym";
				ENABLE_NS_ASSERTIONS = NO;
				ENABLE_STRICT_OBJC_MSGSEND = YES;
				GCC_C_LANGUAGE_STANDARD = gnu11;
				GCC_NO_COMMON_BLOCKS = YES;
				GCC_WARN_64_TO_32_BIT_CONVERSION = YES;
				GCC_WARN_ABOUT_RETURN_TYPE = YES_ERROR;
				GCC_WARN_UNDECLARED_SELECTOR = YES;
				GCC_WARN_UNINITIALIZED_AUTOS = YES_AGGRESSIVE;
				GCC_WARN_UNUSED_FUNCTION = YES;
				GCC_WARN_UNUSED_VARIABLE = YES;
				IPHONEOS_DEPLOYMENT_TARGET = 14.1;
				MTL_ENABLE_DEBUG_INFO = NO;
				MTL_FAST_MATH = YES;
				SDKROOT = iphoneos;
				SWIFT_COMPILATION_MODE = wholemodule;
				SWIFT_OPTIMIZATION_LEVEL = "-O";
				VALIDATE_PRODUCT = YES;
			};
			name = Release;
		};
/* End XCBuildConfiguration section */

/* Begin XCConfigurationList section */
		227ECA332957564D00A4CBC8 /* Build configuration list for PBXNativeTarget "iosApp" */ = {
			isa = XCConfigurationList;
			buildConfigurations = (
				227ECA342957564D00A4CBC8 /* Debug */,
				227ECA352957564D00A4CBC8 /* Release */,
			);
			defaultConfigurationIsVisible = 0;
			defaultConfigurationName = Release;
		};
		7555FF76242A565900829871 /* Build configuration list for PBXProject "iosApp" */ = {
			isa = XCConfigurationList;
			buildConfigurations = (
				7555FFA3242A565B00829871 /* Debug */,
				7555FFA4242A565B00829871 /* Release */,
			);
			defaultConfigurationIsVisible = 0;
			defaultConfigurationName = Release;
		};
/* End XCConfigurationList section */
	};
	rootObject = 7555FF73242A565900829871 /* Project object */;
}
